
Microsoft Visual Studio Solution File, Format Version 12.00
# Visual Studio 14
VisualStudioVersion = 14.0.25420.1
MinimumVisualStudioVersion = 10.0.40219.1
Project("{FAE04EC0-301F-11D3-BF4B-00C04F79EFBC}") = "Website", "Sitecore.Website\Website.csproj", "{A90F6EB1-5C33-486C-93A1-206A6104327F}"
EndProject
Project("{2150E333-8FDC-42A3-9474-1A3956D46DE8}") = "1. Core", "1. Core", "{D7981AE0-094A-48D0-8F5E-A72949A5D039}"
EndProject
Project("{FAE04EC0-301F-11D3-BF4B-00C04F79EFBC}") = "Helpers", "Sitecore.Helpers\Helpers.csproj", "{7E84783D-1DB2-4DFC-9229-380AE8066E57}"
EndProject
Project("{2150E333-8FDC-42A3-9474-1A3956D46DE8}") = "3. Web", "3. Web", "{C4C4ACEB-DE1E-465D-931D-A94EEF7CB7A3}"
EndProject
Project("{FAE04EC0-301F-11D3-BF4B-00C04F79EFBC}") = "ProtobufDataProvider", "Providers.ProtobufDataProvider\ProtobufDataProvider.csproj", "{97504E1F-1184-4731-90F0-EA9C07587198}"
EndProject
Project("{2150E333-8FDC-42A3-9474-1A3956D46DE8}") = "2. Providers", "2. Providers", "{6ED737FB-7228-4B3D-A0DD-2FD1A95C022C}"
EndProject
Project("{2150E333-8FDC-42A3-9474-1A3956D46DE8}") = "Protobuf", "Protobuf", "{87E49596-5752-47B3-B95A-E9059053CE2C}"
EndProject
Project("{2150E333-8FDC-42A3-9474-1A3956D46DE8}") = "Composite", "Composite", "{2A05C2F9-1280-47A0-A45F-8C56D808D1FC}"
EndProject
Project("{FAE04EC0-301F-11D3-BF4B-00C04F79EFBC}") = "CompositeDataProvider", "Providers.CompositeDataProvider\CompositeDataProvider.csproj", "{BB786DB7-D37E-4B31-B14E-FE0AD5B54F79}"
EndProject
Project("{2150E333-8FDC-42A3-9474-1A3956D46DE8}") = "SqlServer", "SqlServer", "{1A8A6CE2-8BAC-4754-834A-A9D5967F5728}"
EndProject
Project("{FAE04EC0-301F-11D3-BF4B-00C04F79EFBC}") = "SqlServerDataProvider", "Providers.SqlServerDataProvider\SqlServerDataProvider.csproj", "{F0D8AE5E-98EA-42EE-82DC-071C7379DBC3}"
EndProject
Project("{FAE04EC0-301F-11D3-BF4B-00C04F79EFBC}") = "ProtobufConvert", "Sitecore.ProtobufConvert\ProtobufConvert.csproj", "{A4922A8B-1A75-486F-A37C-AFB5DDC8E721}"
EndProject
Project("{FAE04EC0-301F-11D3-BF4B-00C04F79EFBC}") = "ProtobufDataProvider.Tests", "Providers.ProtobufDataProvider.Tests\ProtobufDataProvider.Tests.csproj", "{66373EC6-665B-4EA6-8E73-B7CD848E3847}"
EndProject
Global
	GlobalSection(SolutionConfigurationPlatforms) = preSolution
		Debug|Any CPU = Debug|Any CPU
		Release|Any CPU = Release|Any CPU
	EndGlobalSection
	GlobalSection(ProjectConfigurationPlatforms) = postSolution
		{A90F6EB1-5C33-486C-93A1-206A6104327F}.Debug|Any CPU.ActiveCfg = Debug|Any CPU
		{A90F6EB1-5C33-486C-93A1-206A6104327F}.Debug|Any CPU.Build.0 = Debug|Any CPU
		{A90F6EB1-5C33-486C-93A1-206A6104327F}.Release|Any CPU.ActiveCfg = Release|Any CPU
		{A90F6EB1-5C33-486C-93A1-206A6104327F}.Release|Any CPU.Build.0 = Release|Any CPU
		{7E84783D-1DB2-4DFC-9229-380AE8066E57}.Debug|Any CPU.ActiveCfg = Debug|Any CPU
		{7E84783D-1DB2-4DFC-9229-380AE8066E57}.Debug|Any CPU.Build.0 = Debug|Any CPU
		{7E84783D-1DB2-4DFC-9229-380AE8066E57}.Release|Any CPU.ActiveCfg = Release|Any CPU
		{7E84783D-1DB2-4DFC-9229-380AE8066E57}.Release|Any CPU.Build.0 = Release|Any CPU
		{97504E1F-1184-4731-90F0-EA9C07587198}.Debug|Any CPU.ActiveCfg = Debug|Any CPU
		{97504E1F-1184-4731-90F0-EA9C07587198}.Debug|Any CPU.Build.0 = Debug|Any CPU
		{97504E1F-1184-4731-90F0-EA9C07587198}.Release|Any CPU.ActiveCfg = Release|Any CPU
		{97504E1F-1184-4731-90F0-EA9C07587198}.Release|Any CPU.Build.0 = Release|Any CPU
		{BB786DB7-D37E-4B31-B14E-FE0AD5B54F79}.Debug|Any CPU.ActiveCfg = Debug|Any CPU
		{BB786DB7-D37E-4B31-B14E-FE0AD5B54F79}.Debug|Any CPU.Build.0 = Debug|Any CPU
		{BB786DB7-D37E-4B31-B14E-FE0AD5B54F79}.Release|Any CPU.ActiveCfg = Release|Any CPU
		{BB786DB7-D37E-4B31-B14E-FE0AD5B54F79}.Release|Any CPU.Build.0 = Release|Any CPU
		{F0D8AE5E-98EA-42EE-82DC-071C7379DBC3}.Debug|Any CPU.ActiveCfg = Debug|Any CPU
		{F0D8AE5E-98EA-42EE-82DC-071C7379DBC3}.Debug|Any CPU.Build.0 = Debug|Any CPU
		{F0D8AE5E-98EA-42EE-82DC-071C7379DBC3}.Release|Any CPU.ActiveCfg = Release|Any CPU
		{F0D8AE5E-98EA-42EE-82DC-071C7379DBC3}.Release|Any CPU.Build.0 = Release|Any CPU
		{A4922A8B-1A75-486F-A37C-AFB5DDC8E721}.Debug|Any CPU.ActiveCfg = Debug|Any CPU
		{A4922A8B-1A75-486F-A37C-AFB5DDC8E721}.Debug|Any CPU.Build.0 = Debug|Any CPU
		{A4922A8B-1A75-486F-A37C-AFB5DDC8E721}.Release|Any CPU.ActiveCfg = Release|Any CPU
		{A4922A8B-1A75-486F-A37C-AFB5DDC8E721}.Release|Any CPU.Build.0 = Release|Any CPU
		{66373EC6-665B-4EA6-8E73-B7CD848E3847}.Debug|Any CPU.ActiveCfg = Debug|Any CPU
		{66373EC6-665B-4EA6-8E73-B7CD848E3847}.Debug|Any CPU.Build.0 = Debug|Any CPU
		{66373EC6-665B-4EA6-8E73-B7CD848E3847}.Release|Any CPU.ActiveCfg = Release|Any CPU
		{66373EC6-665B-4EA6-8E73-B7CD848E3847}.Release|Any CPU.Build.0 = Release|Any CPU
	EndGlobalSection
	GlobalSection(SolutionProperties) = preSolution
		HideSolutionNode = FALSE
	EndGlobalSection
	GlobalSection(NestedProjects) = preSolution
		{A90F6EB1-5C33-486C-93A1-206A6104327F} = {C4C4ACEB-DE1E-465D-931D-A94EEF7CB7A3}
		{7E84783D-1DB2-4DFC-9229-380AE8066E57} = {D7981AE0-094A-48D0-8F5E-A72949A5D039}
		{97504E1F-1184-4731-90F0-EA9C07587198} = {87E49596-5752-47B3-B95A-E9059053CE2C}
		{87E49596-5752-47B3-B95A-E9059053CE2C} = {6ED737FB-7228-4B3D-A0DD-2FD1A95C022C}
		{2A05C2F9-1280-47A0-A45F-8C56D808D1FC} = {6ED737FB-7228-4B3D-A0DD-2FD1A95C022C}
		{BB786DB7-D37E-4B31-B14E-FE0AD5B54F79} = {2A05C2F9-1280-47A0-A45F-8C56D808D1FC}
		{1A8A6CE2-8BAC-4754-834A-A9D5967F5728} = {6ED737FB-7228-4B3D-A0DD-2FD1A95C022C}
		{F0D8AE5E-98EA-42EE-82DC-071C7379DBC3} = {1A8A6CE2-8BAC-4754-834A-A9D5967F5728}
		{A4922A8B-1A75-486F-A37C-AFB5DDC8E721} = {87E49596-5752-47B3-B95A-E9059053CE2C}
		{66373EC6-665B-4EA6-8E73-B7CD848E3847} = {87E49596-5752-47B3-B95A-E9059053CE2C}
	EndGlobalSection
EndGlobal
